
Microsoft Visual Studio Solution File, Format Version 12.00
# Visual Studio Version 17
VisualStudioVersion = 17.10.34916.146
MinimumVisualStudioVersion = 10.0.40219.1
Project("{FAE04EC0-301F-11D3-BF4B-00C04F79EFBC}") = "SpendSmart", "SpendSmart\SpendSmart.csproj", "{340CC8D9-D950-46A8-AE6D-F3A6C9FBAED9}"
EndProject
Global
	GlobalSection(SolutionConfigurationPlatforms) = preSolution
		Debug|Any CPU = Debug|Any CPU
		Release|Any CPU = Release|Any CPU
	EndGlobalSection
	GlobalSection(ProjectConfigurationPlatforms) = postSolution
		{340CC8D9-D950-46A8-AE6D-F3A6C9FBAED9}.Debug|Any CPU.ActiveCfg = Debug|Any CPU
		{340CC8D9-D950-46A8-AE6D-F3A6C9FBAED9}.Debug|Any CPU.Build.0 = Debug|Any CPU
		{340CC8D9-D950-46A8-AE6D-F3A6C9FBAED9}.Release|Any CPU.ActiveCfg = Release|Any CPU
		{340CC8D9-D950-46A8-AE6D-F3A6C9FBAED9}.Release|Any CPU.Build.0 = Release|Any CPU
	EndGlobalSection
	GlobalSection(SolutionProperties) = preSolution
		HideSolutionNode = FALSE
	EndGlobalSection
	GlobalSection(ExtensibilityGlobals) = postSolution
		SolutionGuid = {073B5A51-E333-4057-8C97-57599142A64B}
	EndGlobalSection
EndGlobal
